{
  "name": "acd-monitor",
  "version": "1.0.0",
  "lockfileVersion": 3,
  "requires": true,
  "packages": {
    "": {
      "name": "acd-monitor",
      "version": "1.0.0",
      "devDependencies": {
        "@types/node": "^24.3.3"
      }
    },
    "node_modules/.pnpm/@types+node@24.3.3": {},
    "node_modules/.pnpm/@types+node@24.3.3/node_modules/@types/node": {
      "version": "24.3.3",
      "dev": true,
      "license": "MIT",
      "dependencies": {
        "undici-types": "~7.10.0"
      }
    },
    "node_modules/.pnpm/@types+node@24.3.3/node_modules/undici-types": {
      "resolved": "node_modules/.pnpm/undici-types@7.10.0/node_modules/undici-types",
      "link": true
    },
    "node_modules/.pnpm/undici-types@7.10.0/node_modules/undici-types": {
      "version": "7.10.0",
      "dev": true,
      "license": "MIT"
    },
    "node_modules/@types/node": {
      "resolved": "node_modules/.pnpm/@types+node@24.3.3/node_modules/@types/node",
      "link": true
    }
  }
}
