lockfileVersion: '9.0'

settings:
  autoInstallPeers: true
  excludeLinksFromLockfile: false

importers:

  .:
    devDependencies:
      '@types/node':
        specifier: ^24.3.3
        version: 24.3.3

packages:

  '@types/node@24.3.3':
    resolution: {integrity: sha512-GKBNHjoNw3Kra1Qg5UXttsY5kiWMEfoHq2TmXb+b1rcm6N7B3wTrFYIf/oSZ1xNQ+hVVijgLkiDZh7jRRsh+Gw==}

  undici-types@7.10.0:
    resolution: {integrity: sha512-t5Fy/nfn+14LuOc2KNYg75vZqClpAiqscVvMygNnlsHBFpSXdJaYtXMcdNLpl/Qvc3P2cB3s6lOV51nqsFq4ag==}

snapshots:

  '@types/node@24.3.3':
    dependencies:
      undici-types: 7.10.0

  undici-types@7.10.0: {}
